// !$*UTF8*$!
{
	archiveVersion = 1;
	classes = {
	};
	objectVersion = 77;
	objects = {

/* Begin PBXBuildFile section */
		120675560E21B2EC61F59152 /* ResultExporter.swift in Sources */ = {isa = PBXBuildFile; fileRef = 6D11B072761A73F003E16353 /* ResultExporter.swift */; };
		4FBD795E2E962A7B0EFC81A7 /* SpikeRunner.swift in Sources */ = {isa = PBXBuildFile; fileRef = D56A839DD3C78D0EB7C77072 /* SpikeRunner.swift */; };
		50538DF1A78510F4B4B5B037 /* FluidAudio in Frameworks */ = {isa = PBXBuildFile; productRef = 476B086DDB3C72C9BBB49006 /* FluidAudio */; };
		8C0CA7FE32B97A8644EA32D6 /* SpikeView.swift in Sources */ = {isa = PBXBuildFile; fileRef = 2A77A43AC51990B77F8A0C0E /* SpikeView.swift */; };
		9E3B12934A08EFCE6BFCF303 /* WhisperKit in Frameworks */ = {isa = PBXBuildFile; productRef = 9ED42A852F6EB33F0D7F5457 /* WhisperKit */; };
		CABB8893276A37AC69233C8D /* SpikeApp.swift in Sources */ = {isa = PBXBuildFile; fileRef = 970E6A3EEC5C32C91D979278 /* SpikeApp.swift */; };
/* End PBXBuildFile section */

/* Begin PBXFileReference section */
		2A77A43AC51990B77F8A0C0E /* SpikeView.swift */ = {isa = PBXFileReference; lastKnownFileType = sourcecode.swift; path = SpikeView.swift; sourceTree = "<group>"; };
		2D5C9DA70FF8FEA5F715AF71 /* Info.plist */ = {isa = PBXFileReference; lastKnownFileType = text.plist; path = Info.plist; sourceTree = "<group>"; };
		6D11B072761A73F003E16353 /* ResultExporter.swift */ = {isa = PBXFileReference; lastKnownFileType = sourcecode.swift; path = ResultExporter.swift; sourceTree = "<group>"; };
		970E6A3EEC5C32C91D979278 /* SpikeApp.swift */ = {isa = PBXFileReference; lastKnownFileType = sourcecode.swift; path = SpikeApp.swift; sourceTree = "<group>"; };
		D56A839DD3C78D0EB7C77072 /* SpikeRunner.swift */ = {isa = PBXFileReference; lastKnownFileType = sourcecode.swift; path = SpikeRunner.swift; sourceTree = "<group>"; };
		F92A60544A611203ADABF559 /* NepNepSpike.app */ = {isa = PBXFileReference; includeInIndex = 0; lastKnownFileType = wrapper.application; path = NepNepSpike.app; sourceTree = BUILT_PRODUCTS_DIR; };
/* End PBXFileReference section */

/* Begin PBXFrameworksBuildPhase section */
		ABD42C1F25AE2B1AD1A8091D /* Frameworks */ = {
			isa = PBXFrameworksBuildPhase;
			buildActionMask = 2147483647;
			files = (
				50538DF1A78510F4B4B5B037 /* FluidAudio in Frameworks */,
				9E3B12934A08EFCE6BFCF303 /* WhisperKit in Frameworks */,
			);
			runOnlyForDeploymentPostprocessing = 0;
		};
/* End PBXFrameworksBuildPhase section */

/* Begin PBXGroup section */
		305AB6520CE0DB9D3B13FA9F /* Sources */ = {
			isa = PBXGroup;
			children = (
				2D5C9DA70FF8FEA5F715AF71 /* Info.plist */,
				6D11B072761A73F003E16353 /* ResultExporter.swift */,
				970E6A3EEC5C32C91D979278 /* SpikeApp.swift */,
				D56A839DD3C78D0EB7C77072 /* SpikeRunner.swift */,
				2A77A43AC51990B77F8A0C0E /* SpikeView.swift */,
			);
			path = Sources;
			sourceTree = "<group>";
		};
		88DEB47FBE373807715BDA3D = {
			isa = PBXGroup;
			children = (
				305AB6520CE0DB9D3B13FA9F /* Sources */,
				C7F18262B217C85BA90C505A /* Products */,
			);
			sourceTree = "<group>";
		};
		C7F18262B217C85BA90C505A /* Products */ = {
			isa = PBXGroup;
			children = (
				F92A60544A611203ADABF559 /* NepNepSpike.app */,
			);
			name = Products;
			sourceTree = "<group>";
		};
/* End PBXGroup section */

/* Begin PBXNativeTarget section */
		16C640E0C5DE1EC61E5C1E26 /* NepNepSpike */ = {
			isa = PBXNativeTarget;
			buildConfigurationList = 99F8568FEE155FA189D2E16C /* Build configuration list for PBXNativeTarget "NepNepSpike" */;
			buildPhases = (
				D13B4B6807956AE320CF9D90 /* Sources */,
				ABD42C1F25AE2B1AD1A8091D /* Frameworks */,
			);
			buildRules = (
			);
			dependencies = (
			);
			name = NepNepSpike;
			packageProductDependencies = (
				476B086DDB3C72C9BBB49006 /* FluidAudio */,
				9ED42A852F6EB33F0D7F5457 /* WhisperKit */,
			);
			productName = NepNepSpike;
			productReference = F92A60544A611203ADABF559 /* NepNepSpike.app */;
			productType = "com.apple.product-type.application";
		};
/* End PBXNativeTarget section */

/* Begin PBXProject section */
		8FC2B1508A803CF84C19DCDB /* Project object */ = {
			isa = PBXProject;
			attributes = {
				BuildIndependentTargetsInParallel = YES;
				LastUpgradeCheck = 1430;
				TargetAttributes = {
					16C640E0C5DE1EC61E5C1E26 = {
						ProvisioningStyle = Automatic;
					};
				};
			};
			buildConfigurationList = 3FAAC97415227A5E5CBD9394 /* Build configuration list for PBXProject "NepNepSpike" */;
			developmentRegion = en;
			hasScannedForEncodings = 0;
			knownRegions = (
				Base,
				en,
			);
			mainGroup = 88DEB47FBE373807715BDA3D;
			minimizedProjectReferenceProxies = 1;
			packageReferences = (
				E593351E8C5BFE17776A8EB0 /* XCRemoteSwiftPackageReference "FluidAudio" */,
				1A234B4A858C87E93C83C004 /* XCRemoteSwiftPackageReference "argmax-oss-swift" */,
			);
			preferredProjectObjectVersion = 77;
			productRefGroup = C7F18262B217C85BA90C505A /* Products */;
			projectDirPath = "";
			projectRoot = "";
			targets = (
				16C640E0C5DE1EC61E5C1E26 /* NepNepSpike */,
			);
		};
/* End PBXProject section */

/* Begin PBXSourcesBuildPhase section */
		D13B4B6807956AE320CF9D90 /* Sources */ = {
			isa = PBXSourcesBuildPhase;
			buildActionMask = 2147483647;
			files = (
				120675560E21B2EC61F59152 /* ResultExporter.swift in Sources */,
				CABB8893276A37AC69233C8D /* SpikeApp.swift in Sources */,
				4FBD795E2E962A7B0EFC81A7 /* SpikeRunner.swift in Sources */,
				8C0CA7FE32B97A8644EA32D6 /* SpikeView.swift in Sources */,
			);
			runOnlyForDeploymentPostprocessing = 0;
		};
/* End PBXSourcesBuildPhase section */

/* Begin XCBuildConfiguration section */
		0A8A8D8C74EA479364A045DF /* Release */ = {
			isa = XCBuildConfiguration;
			buildSettings = {
				ASSETCATALOG_COMPILER_APPICON_NAME = AppIcon;
				CODE_SIGN_IDENTITY = "iPhone Developer";
				CODE_SIGN_STYLE = Automatic;
				GENERATE_INFOPLIST_FILE = NO;
				INFOPLIST_FILE = Sources/Info.plist;
				LD_RUNPATH_SEARCH_PATHS = (
					"$(inherited)",
					"@executable_path/Frameworks",
				);
				PRODUCT_BUNDLE_IDENTIFIER = com.nepnep.NepNepSpike;
				SDKROOT = iphoneos;
				SWIFT_VERSION = 5.0;
				TARGETED_DEVICE_FAMILY = 1;
			};
			name = Release;
		};
		3AF8D3837AB66C38B076D324 /* Release */ = {
			isa = XCBuildConfiguration;
			buildSettings = {
				ALWAYS_SEARCH_USER_PATHS = NO;
				CLANG_ANALYZER_NONNULL = YES;
				CLANG_ANALYZER_NUMBER_OBJECT_CONVERSION = YES_AGGRESSIVE;
				CLANG_CXX_LANGUAGE_STANDARD = "gnu++14";
				CLANG_CXX_LIBRARY = "libc++";
				CLANG_ENABLE_MODULES = YES;
				CLANG_ENABLE_OBJC_ARC = YES;
				CLANG_ENABLE_OBJC_WEAK = YES;
				CLANG_WARN_BLOCK_CAPTURE_AUTORELEASING = YES;
				CLANG_WARN_BOOL_CONVERSION = YES;
				CLANG_WARN_COMMA = YES;
				CLANG_WARN_CONSTANT_CONVERSION = YES;
				CLANG_WARN_DEPRECATED_OBJC_IMPLEMENTATIONS = YES;
				CLANG_WARN_DIRECT_OBJC_ISA_USAGE = YES_ERROR;
				CLANG_WARN_DOCUMENTATION_COMMENTS = YES;
				CLANG_WARN_EMPTY_BODY = YES;
				CLANG_WARN_ENUM_CONVERSION = YES;
				CLANG_WARN_INFINITE_RECURSION = YES;
				CLANG_WARN_INT_CONVERSION = YES;
				CLANG_WARN_NON_LITERAL_NULL_CONVERSION = YES;
				CLANG_WARN_OBJC_IMPLICIT_RETAIN_SELF = YES;
				CLANG_WARN_OBJC_LITERAL_CONVERSION = YES;
				CLANG_WARN_OBJC_ROOT_CLASS = YES_ERROR;
				CLANG_WARN_QUOTED_INCLUDE_IN_FRAMEWORK_HEADER = YES;
				CLANG_WARN_RANGE_LOOP_ANALYSIS = YES;
				CLANG_WARN_STRICT_PROTOTYPES = YES;
				CLANG_WARN_SUSPICIOUS_MOVE = YES;
				CLANG_WARN_UNGUARDED_AVAILABILITY = YES_AGGRESSIVE;
				CLANG_WARN_UNREACHABLE_CODE = YES;
				CLANG_WARN__DUPLICATE_METHOD_MATCH = YES;
				COPY_PHASE_STRIP = NO;
				DEBUG_INFORMATION_FORMAT = "dwarf-with-dsym";
				ENABLE_NS_ASSERTIONS = NO;
				ENABLE_STRICT_OBJC_MSGSEND = YES;
				GCC_C_LANGUAGE_STANDARD = gnu11;
				GCC_NO_COMMON_BLOCKS = YES;
				GCC_WARN_64_TO_32_BIT_CONVERSION = YES;
				GCC_WARN_ABOUT_RETURN_TYPE = YES_ERROR;
				GCC_WARN_UNDECLARED_SELECTOR = YES;
				GCC_WARN_UNINITIALIZED_AUTOS = YES_AGGRESSIVE;
				GCC_WARN_UNUSED_FUNCTION = YES;
				GCC_WARN_UNUSED_VARIABLE = YES;
				IPHONEOS_DEPLOYMENT_TARGET = 26.0;
				MTL_ENABLE_DEBUG_INFO = NO;
				MTL_FAST_MATH = YES;
				PRODUCT_NAME = "$(TARGET_NAME)";
				SDKROOT = iphoneos;
				SWIFT_COMPILATION_MODE = wholemodule;
				SWIFT_OPTIMIZATION_LEVEL = "-O";
				SWIFT_VERSION = 5.0;
			};
			name = Release;
		};
		6428A0CC672DE4D259D920A6 /* Debug */ = {
			isa = XCBuildConfiguration;
			buildSettings = {
				ALWAYS_SEARCH_USER_PATHS = NO;
				CLANG_ANALYZER_NONNULL = YES;
				CLANG_ANALYZER_NUMBER_OBJECT_CONVERSION = YES_AGGRESSIVE;
				CLANG_CXX_LANGUAGE_STANDARD = "gnu++14";
				CLANG_CXX_LIBRARY = "libc++";
				CLANG_ENABLE_MODULES = YES;
				CLANG_ENABLE_OBJC_ARC = YES;
				CLANG_ENABLE_OBJC_WEAK = YES;
				CLANG_WARN_BLOCK_CAPTURE_AUTORELEASING = YES;
				CLANG_WARN_BOOL_CONVERSION = YES;
				CLANG_WARN_COMMA = YES;
				CLANG_WARN_CONSTANT_CONVERSION = YES;
				CLANG_WARN_DEPRECATED_OBJC_IMPLEMENTATIONS = YES;
				CLANG_WARN_DIRECT_OBJC_ISA_USAGE = YES_ERROR;
				CLANG_WARN_DOCUMENTATION_COMMENTS = YES;
				CLANG_WARN_EMPTY_BODY = YES;
				CLANG_WARN_ENUM_CONVERSION = YES;
				CLANG_WARN_INFINITE_RECURSION = YES;
				CLANG_WARN_INT_CONVERSION = YES;
				CLANG_WARN_NON_LITERAL_NULL_CONVERSION = YES;
				CLANG_WARN_OBJC_IMPLICIT_RETAIN_SELF = YES;
				CLANG_WARN_OBJC_LITERAL_CONVERSION = YES;
				CLANG_WARN_OBJC_ROOT_CLASS = YES_ERROR;
				CLANG_WARN_QUOTED_INCLUDE_IN_FRAMEWORK_HEADER = YES;
				CLANG_WARN_RANGE_LOOP_ANALYSIS = YES;
				CLANG_WARN_STRICT_PROTOTYPES = YES;
				CLANG_WARN_SUSPICIOUS_MOVE = YES;
				CLANG_WARN_UNGUARDED_AVAILABILITY = YES_AGGRESSIVE;
				CLANG_WARN_UNREACHABLE_CODE = YES;
				CLANG_WARN__DUPLICATE_METHOD_MATCH = YES;
				COPY_PHASE_STRIP = NO;
				DEBUG_INFORMATION_FORMAT = dwarf;
				ENABLE_STRICT_OBJC_MSGSEND = YES;
				ENABLE_TESTABILITY = YES;
				GCC_C_LANGUAGE_STANDARD = gnu11;
				GCC_DYNAMIC_NO_PIC = NO;
				GCC_NO_COMMON_BLOCKS = YES;
				GCC_OPTIMIZATION_LEVEL = 0;
				GCC_PREPROCESSOR_DEFINITIONS = (
					"$(inherited)",
					"DEBUG=1",
				);
				GCC_WARN_64_TO_32_BIT_CONVERSION = YES;
				GCC_WARN_ABOUT_RETURN_TYPE = YES_ERROR;
				GCC_WARN_UNDECLARED_SELECTOR = YES;
				GCC_WARN_UNINITIALIZED_AUTOS = YES_AGGRESSIVE;
				GCC_WARN_UNUSED_FUNCTION = YES;
				GCC_WARN_UNUSED_VARIABLE = YES;
				IPHONEOS_DEPLOYMENT_TARGET = 26.0;
				MTL_ENABLE_DEBUG_INFO = INCLUDE_SOURCE;
				MTL_FAST_MATH = YES;
				ONLY_ACTIVE_ARCH = YES;
				PRODUCT_NAME = "$(TARGET_NAME)";
				SDKROOT = iphoneos;
				SWIFT_ACTIVE_COMPILATION_CONDITIONS = DEBUG;
				SWIFT_OPTIMIZATION_LEVEL = "-Onone";
				SWIFT_VERSION = 5.0;
			};
			name = Debug;
		};
		D35B10D0C5746D8C688CF65B /* Debug */ = {
			isa = XCBuildConfiguration;
			buildSettings = {
				ASSETCATALOG_COMPILER_APPICON_NAME = AppIcon;
				CODE_SIGN_IDENTITY = "iPhone Developer";
				CODE_SIGN_STYLE = Automatic;
				GENERATE_INFOPLIST_FILE = NO;
				INFOPLIST_FILE = Sources/Info.plist;
				LD_RUNPATH_SEARCH_PATHS = (
					"$(inherited)",
					"@executable_path/Frameworks",
				);
				PRODUCT_BUNDLE_IDENTIFIER = com.nepnep.NepNepSpike;
				SDKROOT = iphoneos;
				SWIFT_VERSION = 5.0;
				TARGETED_DEVICE_FAMILY = 1;
			};
			name = Debug;
		};
/* End XCBuildConfiguration section */

/* Begin XCConfigurationList section */
		3FAAC97415227A5E5CBD9394 /* Build configuration list for PBXProject "NepNepSpike" */ = {
			isa = XCConfigurationList;
			buildConfigurations = (
				6428A0CC672DE4D259D920A6 /* Debug */,
				3AF8D3837AB66C38B076D324 /* Release */,
			);
			defaultConfigurationIsVisible = 0;
			defaultConfigurationName = Debug;
		};
		99F8568FEE155FA189D2E16C /* Build configuration list for PBXNativeTarget "NepNepSpike" */ = {
			isa = XCConfigurationList;
			buildConfigurations = (
				D35B10D0C5746D8C688CF65B /* Debug */,
				0A8A8D8C74EA479364A045DF /* Release */,
			);
			defaultConfigurationIsVisible = 0;
			defaultConfigurationName = Debug;
		};
/* End XCConfigurationList section */

/* Begin XCRemoteSwiftPackageReference section */
		1A234B4A858C87E93C83C004 /* XCRemoteSwiftPackageReference "argmax-oss-swift" */ = {
			isa = XCRemoteSwiftPackageReference;
			repositoryURL = "https://github.com/argmaxinc/argmax-oss-swift.git";
			requirement = {
				kind = upToNextMajorVersion;
				minimumVersion = 0.9.0;
			};
		};
		E593351E8C5BFE17776A8EB0 /* XCRemoteSwiftPackageReference "FluidAudio" */ = {
			isa = XCRemoteSwiftPackageReference;
			repositoryURL = "https://github.com/FluidInference/FluidAudio.git";
			requirement = {
				kind = upToNextMajorVersion;
				minimumVersion = 0.12.4;
			};
		};
/* End XCRemoteSwiftPackageReference section */

/* Begin XCSwiftPackageProductDependency section */
		476B086DDB3C72C9BBB49006 /* FluidAudio */ = {
			isa = XCSwiftPackageProductDependency;
			package = E593351E8C5BFE17776A8EB0 /* XCRemoteSwiftPackageReference "FluidAudio" */;
			productName = FluidAudio;
		};
		9ED42A852F6EB33F0D7F5457 /* WhisperKit */ = {
			isa = XCSwiftPackageProductDependency;
			package = 1A234B4A858C87E93C83C004 /* XCRemoteSwiftPackageReference "argmax-oss-swift" */;
			productName = WhisperKit;
		};
/* End XCSwiftPackageProductDependency section */
	};
	rootObject = 8FC2B1508A803CF84C19DCDB /* Project object */;
}
