// !$*UTF8*$!
{
	archiveVersion = 1;
	classes = {
	};
	objectVersion = 77;
	objects = {

/* Begin PBXBuildFile section */
		00B290B35EE542556F3ECB73 /* AudioTranscoder.swift in Sources */ = {isa = PBXBuildFile; fileRef = 49279718DB0440DCCBC2322E /* AudioTranscoder.swift */; };
		013BD6882501D8CC55D4215E /* ChunkedAudioWriter.swift in Sources */ = {isa = PBXBuildFile; fileRef = 14A91EFB1AF23862A25674C5 /* ChunkedAudioWriter.swift */; };
		02E15332F905EA04233D801F /* UsageTrackerTests.swift in Sources */ = {isa = PBXBuildFile; fileRef = E073224114BFDBFEDF036CF7 /* UsageTrackerTests.swift */; };
		0424186498AC12DAF2C176B2 /* ExportSheet.swift in Sources */ = {isa = PBXBuildFile; fileRef = FF2CDCA5BC1D8C9924A73378 /* ExportSheet.swift */; };
		04B7203DB013E6ADA036D548 /* ProcessingCheckpoint.swift in Sources */ = {isa = PBXBuildFile; fileRef = 55C6612E5729BAED6725567B /* ProcessingCheckpoint.swift */; };
		051CEEC2BCBED89A8513407B /* RecordingSession.swift in Sources */ = {isa = PBXBuildFile; fileRef = 7819F1B0A6639D13AA071C80 /* RecordingSession.swift */; };
		0B1A35F52CC03FF6F28FF176 /* SplashView.swift in Sources */ = {isa = PBXBuildFile; fileRef = 693CB0A64A95BFBDA8C78964 /* SplashView.swift */; };
		0F07A04AA1B57EFBC634A76D /* KeychainStore.swift in Sources */ = {isa = PBXBuildFile; fileRef = 16F4E20E8440FBB91968D804 /* KeychainStore.swift */; };
		0F7704B94FEF196623C21C66 /* DebugSeed.swift in Sources */ = {isa = PBXBuildFile; fileRef = E7D12538811DE25D9BE4E4F7 /* DebugSeed.swift */; };
		0F94B99A7C5FC10A2EDBE529 /* Router.swift in Sources */ = {isa = PBXBuildFile; fileRef = 033D79FE32439AA6AC29D046 /* Router.swift */; };
		1F87FFD6CD26763A9F90A008 /* MeetingStore.swift in Sources */ = {isa = PBXBuildFile; fileRef = CCF4C60144CD795A7E8B89AF /* MeetingStore.swift */; };
		2D2DB0CCD932C1934BCBD90E /* NotificationService.swift in Sources */ = {isa = PBXBuildFile; fileRef = A87CCC76EB2410327840528E /* NotificationService.swift */; };
		315E3466096D418EA2C1775D /* RecordingLiveActivityController.swift in Sources */ = {isa = PBXBuildFile; fileRef = E930E75DDE92C106A4826608 /* RecordingLiveActivityController.swift */; };
		317B3C04A7B5BF700E8D18A1 /* NepNepWidgetsBundle.swift in Sources */ = {isa = PBXBuildFile; fileRef = 5E4E5AEAA7A0ADAA185AE25B /* NepNepWidgetsBundle.swift */; };
		33D3FE8EC4FAE87D563ED103 /* TranscriptChunkerTests.swift in Sources */ = {isa = PBXBuildFile; fileRef = A143C9C7E1691936AB39ACBF /* TranscriptChunkerTests.swift */; };
		344A180ECA17C50EC3E0971B /* NepNep.storekit in Resources */ = {isa = PBXBuildFile; fileRef = 95F7A8AEAEAB41C722CBAC00 /* NepNep.storekit */; };
		3613C15167AF08CA0CA237A1 /* AppRootView.swift in Sources */ = {isa = PBXBuildFile; fileRef = 6675D92EC2C231B41447E351 /* AppRootView.swift */; };
		399D3185ECD2191242BDD879 /* AudioFileStoreTests.swift in Sources */ = {isa = PBXBuildFile; fileRef = 290B4CFBB8B3489E58128266 /* AudioFileStoreTests.swift */; };
		3B13A5E162B2FDA5ED8C4422 /* SpeakerNamingSheet.swift in Sources */ = {isa = PBXBuildFile; fileRef = 26495DB9F2CE5ECA515DD32F /* SpeakerNamingSheet.swift */; };
		3BA4F3D24858FAEB0BD8F35C /* Assets.xcassets in Resources */ = {isa = PBXBuildFile; fileRef = BFEE300C51E11E73A91A2669 /* Assets.xcassets */; };
		3CB47FDD67EDFDA1CD10743D /* SpeakerMergeTests.swift in Sources */ = {isa = PBXBuildFile; fileRef = 12D994F466FA228F985C3CE6 /* SpeakerMergeTests.swift */; };
		3F353617849041606BEBD161 /* NepNepWidgets.appex in Embed Foundation Extensions */ = {isa = PBXBuildFile; fileRef = 9077F7743858C6BB3C37B455 /* NepNepWidgets.appex */; settings = {ATTRIBUTES = (RemoveHeadersOnCopy, ); }; };
		403839E7A7D16D0442800AED /* ProcessingCoordinator.swift in Sources */ = {isa = PBXBuildFile; fileRef = 8238129B0B27C835F6ABF4CA /* ProcessingCoordinator.swift */; };
		43A080F9BDDD1AC2A99CD7F6 /* SettingsView.swift in Sources */ = {isa = PBXBuildFile; fileRef = 7F3FEE0423AFD506F2A8A6CD /* SettingsView.swift */; };
		4D8CF34A90B5B593B5CA26F1 /* LaunchScreen.storyboard in Resources */ = {isa = PBXBuildFile; fileRef = 45056920A100C7601ADE1CD9 /* LaunchScreen.storyboard */; };
		56D0BF3D5C9B3CB406FA4178 /* StorageCalc.swift in Sources */ = {isa = PBXBuildFile; fileRef = F36735F7DC7DE774740CF657 /* StorageCalc.swift */; };
		577DF07F6DAB9CD7AD034E97 /* RecordingView.swift in Sources */ = {isa = PBXBuildFile; fileRef = 020A599E5EBD21C62E26F6BB /* RecordingView.swift */; };
		5893CFEEFCA5BFE5170D87D1 /* NotionAPIClient.swift in Sources */ = {isa = PBXBuildFile; fileRef = 960C4B94217B7F6236CD6667 /* NotionAPIClient.swift */; };
		5AB9595630C968AB7CE0222D /* GoogleDocsClient.swift in Sources */ = {isa = PBXBuildFile; fileRef = C25A8A8259C4F7FAD30E32C8 /* GoogleDocsClient.swift */; };
		5ECADFB42137E0F07D5AA926 /* ModelDownloadView.swift in Sources */ = {isa = PBXBuildFile; fileRef = 5376DA101A02AD0FDFF6632F /* ModelDownloadView.swift */; };
		6390C21857EFFB43E95B7D24 /* DesignTokens.swift in Sources */ = {isa = PBXBuildFile; fileRef = 85FC117406D617D60C1D86A2 /* DesignTokens.swift */; };
		66E08B1C7C84E87C49B2E9D1 /* SummaryTabView.swift in Sources */ = {isa = PBXBuildFile; fileRef = DEC01DBB2C6605C4C7CB234E /* SummaryTabView.swift */; };
		6764AD0FBBEBC415DCA48FE3 /* GoogleDocsRequestBuilderTests.swift in Sources */ = {isa = PBXBuildFile; fileRef = 1B768EE18D9B1C344F83A3A7 /* GoogleDocsRequestBuilderTests.swift */; };
		686ABD279EC61518E221A504 /* TranscriptMerger.swift in Sources */ = {isa = PBXBuildFile; fileRef = 87ABDDA461D613A8C6B4E4E1 /* TranscriptMerger.swift */; };
		6A77B49831611A118197C295 /* SpeakerMerger.swift in Sources */ = {isa = PBXBuildFile; fileRef = 4460510ADF40D337A1D08E02 /* SpeakerMerger.swift */; };
		6DA78BEDFEA6054F2B51B6C0 /* CrashRecovery.swift in Sources */ = {isa = PBXBuildFile; fileRef = A3BD70B485C1DA89C29F4434 /* CrashRecovery.swift */; };
		6ED642D537ED9E65BB856EDA /* TranscriptChunker.swift in Sources */ = {isa = PBXBuildFile; fileRef = 7B5D43885AEF2708A47E61F7 /* TranscriptChunker.swift */; };
		6F4007693DA6B220E5F05AF0 /* SummaryTemplateTests.swift in Sources */ = {isa = PBXBuildFile; fileRef = 55887E47B6CB8C3FEB7847AB /* SummaryTemplateTests.swift */; };
		7333C46F2926E84614295FEF /* PurchaseService.swift in Sources */ = {isa = PBXBuildFile; fileRef = 5102C50EA1ED895962BED6B7 /* PurchaseService.swift */; };
		785ED62D7DDBD53151FD53D2 /* CheckpointTests.swift in Sources */ = {isa = PBXBuildFile; fileRef = 4304451C7415306845632D8C /* CheckpointTests.swift */; };
		79741BC0443A67168C35999B /* CloudPipelineClient.swift in Sources */ = {isa = PBXBuildFile; fileRef = EFF01695C75D9F833FF29DF5 /* CloudPipelineClient.swift */; };
		7B09314686C3EDE0A3CEC402 /* TranscriptListView.swift in Sources */ = {isa = PBXBuildFile; fileRef = 3F3503A3D88D5E7BD4B71271 /* TranscriptListView.swift */; };
		7CC9FFEC23A2AEEB88037577 /* ProcessingFailureReason+Message.swift in Sources */ = {isa = PBXBuildFile; fileRef = 16E10E5E1B2EF02EBF0CE941 /* ProcessingFailureReason+Message.swift */; };
		7EA9D8258AA652712BE69117 /* TodoRowView.swift in Sources */ = {isa = PBXBuildFile; fileRef = AD79184261BFA144D43A00F8 /* TodoRowView.swift */; };
		877C554973F8BDC1875583FA /* PaywallView.swift in Sources */ = {isa = PBXBuildFile; fileRef = 22DCAF95174A4904BA68AAA0 /* PaywallView.swift */; };
		888C720E4F7FC67603DA17E7 /* RecordingLiveActivity.swift in Sources */ = {isa = PBXBuildFile; fileRef = 2CB9CDDD6825D8A847FDBD47 /* RecordingLiveActivity.swift */; };
		89D7581EB52C95AC7067A36D /* SummaryTemplates.swift in Sources */ = {isa = PBXBuildFile; fileRef = BFADA570BC4C56EAC1C7902D /* SummaryTemplates.swift */; };
		8A422F54449BBE2F312A71C2 /* AudioFileStore.swift in Sources */ = {isa = PBXBuildFile; fileRef = A7F54CA0A0792DAA38F747CF /* AudioFileStore.swift */; };
		8BDEE1A1660CB8A207BD8320 /* OnboardingView.swift in Sources */ = {isa = PBXBuildFile; fileRef = 800CAAC7CB393983A0B25BC4 /* OnboardingView.swift */; };
		8D4244692346DD0B83654128 /* HomeView.swift in Sources */ = {isa = PBXBuildFile; fileRef = 590752FB1473A645B2563732 /* HomeView.swift */; };
		8F139F73297AD0D9DCD821D3 /* MeetingCardView.swift in Sources */ = {isa = PBXBuildFile; fileRef = BD38E93AB0C8854A4C66B83B /* MeetingCardView.swift */; };
		93D6959EAF2F0260269D1F7D /* GoogleAuthService.swift in Sources */ = {isa = PBXBuildFile; fileRef = F85EC594E7E65D5FD2FF7E3F /* GoogleAuthService.swift */; };
		95B59F63C20E4289027DB8CA /* RecordingIntents.swift in Sources */ = {isa = PBXBuildFile; fileRef = 62F83DFB01A874432E37E6AD /* RecordingIntents.swift */; };
		963EDFBD18AF9A253D03457C /* RecordingActivityAttributes.swift in Sources */ = {isa = PBXBuildFile; fileRef = 61D556C8927865E45CE5EF10 /* RecordingActivityAttributes.swift */; };
		965BB3FDD975F06D08802A5D /* TranscriptMergerTests.swift in Sources */ = {isa = PBXBuildFile; fileRef = E148D541EA4C5857F0404D0B /* TranscriptMergerTests.swift */; };
		98E4A76C6DB3A67AC3749F8B /* GoogleDocsRequestBuilder.swift in Sources */ = {isa = PBXBuildFile; fileRef = 3A549C7FF85BCF39F17252E3 /* GoogleDocsRequestBuilder.swift */; };
		9A1551089EB44A487B883625 /* UsageTracker.swift in Sources */ = {isa = PBXBuildFile; fileRef = 0D8AD2D188CC9897347D7314 /* UsageTracker.swift */; };
		9BC8A5D325AC33488508CEF6 /* AppBootstrap.swift in Sources */ = {isa = PBXBuildFile; fileRef = 35588A9513683492995A1F9F /* AppBootstrap.swift */; };
		9F33B4C5E13D6FF9A3391F9E /* DiarizationService.swift in Sources */ = {isa = PBXBuildFile; fileRef = 8604239FE2CC2508021B9835 /* DiarizationService.swift */; };
		A3A3AD3A9894FDCC9974E213 /* SummaryService.swift in Sources */ = {isa = PBXBuildFile; fileRef = DBF32522BEAF872149D0E8F2 /* SummaryService.swift */; };
		A925E8B83B5FA2B40B1EDCBE /* NotionAuthService.swift in Sources */ = {isa = PBXBuildFile; fileRef = D1A084A852284E0DD3512A47 /* NotionAuthService.swift */; };
		A9A06D6624720AC7CB39A96C /* NotionBlockBuilder.swift in Sources */ = {isa = PBXBuildFile; fileRef = 178631DCFBE1C81A920CE332 /* NotionBlockBuilder.swift */; };
		B030658344FF6DE21264786C /* AppReviewSupport.swift in Sources */ = {isa = PBXBuildFile; fileRef = 5DCA5CF98CDFB8701781CC12 /* AppReviewSupport.swift */; };
		B05BE02127720558DFF56011 /* MeetingDetailView.swift in Sources */ = {isa = PBXBuildFile; fileRef = A8DA936D0CFAF997A372EA48 /* MeetingDetailView.swift */; };
		B0A1E2CB5EF2F6875A192524 /* NotionBlockBuilderTests.swift in Sources */ = {isa = PBXBuildFile; fileRef = ED73DC01F413E941174579E8 /* NotionBlockBuilderTests.swift */; };
		B16595EEF86E5B98376C34A8 /* RecordingFlowView.swift in Sources */ = {isa = PBXBuildFile; fileRef = 3C2E470B7C59B97A67259925 /* RecordingFlowView.swift */; };
		B3C4B5B59A60F20D2E3933EA /* AudioSessionController.swift in Sources */ = {isa = PBXBuildFile; fileRef = 9533BF766CE8F0A2F22402BE /* AudioSessionController.swift */; };
		B5DA190D1DC5A629299599AF /* StorageCalcTests.swift in Sources */ = {isa = PBXBuildFile; fileRef = 99F10F21230A40ECA6C2ADBA /* StorageCalcTests.swift */; };
		B6ECEE271EA18C9F658C4EFA /* SummarySchemas.swift in Sources */ = {isa = PBXBuildFile; fileRef = 3905B844DA37F1A842E0DE4C /* SummarySchemas.swift */; };
		BB4C7779B5C3528F8FC95FE9 /* SpeechTranscriberEngine.swift in Sources */ = {isa = PBXBuildFile; fileRef = AA0D09DD5F241F1CE212555D /* SpeechTranscriberEngine.swift */; };
		C19EF4AB88E559546783B4C5 /* ModelAssetManager.swift in Sources */ = {isa = PBXBuildFile; fileRef = EF8800ACDF43CA1FB6A37DE0 /* ModelAssetManager.swift */; };
		C24075785C3F005BFF9F9563 /* FluidAudio in Frameworks */ = {isa = PBXBuildFile; productRef = 7610D102D0549E34C006B045 /* FluidAudio */; };
		CC8A7CFC11789843EE10DBA1 /* ProcessingView.swift in Sources */ = {isa = PBXBuildFile; fileRef = 3CFB5F4E9099A11161218F36 /* ProcessingView.swift */; };
		CC9C73920FD8F9328403EC27 /* AudioPlayerController.swift in Sources */ = {isa = PBXBuildFile; fileRef = B2BB983E6510DE1DEE309243 /* AudioPlayerController.swift */; };
		CE649B04924C1142BAA3C838 /* NotionTargetPicker.swift in Sources */ = {isa = PBXBuildFile; fileRef = CDE546A3F3F969B908FE1073 /* NotionTargetPicker.swift */; };
		D1ADD690934D7C04CF509E52 /* RecordingIntents.swift in Sources */ = {isa = PBXBuildFile; fileRef = 62F83DFB01A874432E37E6AD /* RecordingIntents.swift */; };
		D49A086141968813204EB4FC /* RecordingActivityAttributes.swift in Sources */ = {isa = PBXBuildFile; fileRef = 61D556C8927865E45CE5EF10 /* RecordingActivityAttributes.swift */; };
		D9ED39E48AA44FBC73CD744D /* TranscriptionEngine.swift in Sources */ = {isa = PBXBuildFile; fileRef = 6B88C17739CBCD464725A1B6 /* TranscriptionEngine.swift */; };
		DB72B95A6F47034A099733E1 /* StorageSection.swift in Sources */ = {isa = PBXBuildFile; fileRef = 165C6F4E649C0DBB171D5F79 /* StorageSection.swift */; };
		E2E62B95E15582DFD1074D95 /* PipelineRunner.swift in Sources */ = {isa = PBXBuildFile; fileRef = 5C3C1257BEE58FC6EE4131D6 /* PipelineRunner.swift */; };
		E46F0DC854AB36CC25EF6EA8 /* NepNepApp.swift in Sources */ = {isa = PBXBuildFile; fileRef = 14993A634A72DEBCB25977F0 /* NepNepApp.swift */; };
		E671BC46E31C38F777817953 /* ExportService.swift in Sources */ = {isa = PBXBuildFile; fileRef = 6F681361AFA4CF16760ABD4C /* ExportService.swift */; };
		EB5C9258732D44B677C241D7 /* Meeting.swift in Sources */ = {isa = PBXBuildFile; fileRef = FC385F030CA24FEFB79F8A5B /* Meeting.swift */; };
		EEDEFF2F9BFF8228491DE4E6 /* GoogleFolderPicker.swift in Sources */ = {isa = PBXBuildFile; fileRef = 953181DA2070A1F7BD02DA8C /* GoogleFolderPicker.swift */; };
/* End PBXBuildFile section */

/* Begin PBXContainerItemProxy section */
		C4D49878EA8C97FDF070B1C1 /* PBXContainerItemProxy */ = {
			isa = PBXContainerItemProxy;
			containerPortal = 00DF7C4596CAAC47AE242136 /* Project object */;
			proxyType = 1;
			remoteGlobalIDString = F3AE91A0876B10FCDFD51635;
			remoteInfo = NepNep;
		};
		D6C09387E470DBAA713ECA21 /* PBXContainerItemProxy */ = {
			isa = PBXContainerItemProxy;
			containerPortal = 00DF7C4596CAAC47AE242136 /* Project object */;
			proxyType = 1;
			remoteGlobalIDString = E8842CACE76B4AC53AC84665;
			remoteInfo = NepNepWidgets;
		};
/* End PBXContainerItemProxy section */

/* Begin PBXCopyFilesBuildPhase section */
		E94D856A20C9EE2066F31D52 /* Embed Foundation Extensions */ = {
			isa = PBXCopyFilesBuildPhase;
			buildActionMask = 2147483647;
			dstPath = "";
			dstSubfolderSpec = 13;
			files = (
				3F353617849041606BEBD161 /* NepNepWidgets.appex in Embed Foundation Extensions */,
			);
			name = "Embed Foundation Extensions";
			runOnlyForDeploymentPostprocessing = 0;
		};
/* End PBXCopyFilesBuildPhase section */

/* Begin PBXFileReference section */
		020A599E5EBD21C62E26F6BB /* RecordingView.swift */ = {isa = PBXFileReference; lastKnownFileType = sourcecode.swift; path = RecordingView.swift; sourceTree = "<group>"; };
		033D79FE32439AA6AC29D046 /* Router.swift */ = {isa = PBXFileReference; lastKnownFileType = sourcecode.swift; path = Router.swift; sourceTree = "<group>"; };
		0D8AD2D188CC9897347D7314 /* UsageTracker.swift */ = {isa = PBXFileReference; lastKnownFileType = sourcecode.swift; path = UsageTracker.swift; sourceTree = "<group>"; };
		12D994F466FA228F985C3CE6 /* SpeakerMergeTests.swift */ = {isa = PBXFileReference; lastKnownFileType = sourcecode.swift; path = SpeakerMergeTests.swift; sourceTree = "<group>"; };
		14993A634A72DEBCB25977F0 /* NepNepApp.swift */ = {isa = PBXFileReference; lastKnownFileType = sourcecode.swift; path = NepNepApp.swift; sourceTree = "<group>"; };
		14A91EFB1AF23862A25674C5 /* ChunkedAudioWriter.swift */ = {isa = PBXFileReference; lastKnownFileType = sourcecode.swift; path = ChunkedAudioWriter.swift; sourceTree = "<group>"; };
		165C6F4E649C0DBB171D5F79 /* StorageSection.swift */ = {isa = PBXFileReference; lastKnownFileType = sourcecode.swift; path = StorageSection.swift; sourceTree = "<group>"; };
		16E10E5E1B2EF02EBF0CE941 /* ProcessingFailureReason+Message.swift */ = {isa = PBXFileReference; lastKnownFileType = sourcecode.swift; path = "ProcessingFailureReason+Message.swift"; sourceTree = "<group>"; };
		16F4E20E8440FBB91968D804 /* KeychainStore.swift */ = {isa = PBXFileReference; lastKnownFileType = sourcecode.swift; path = KeychainStore.swift; sourceTree = "<group>"; };
		178631DCFBE1C81A920CE332 /* NotionBlockBuilder.swift */ = {isa = PBXFileReference; lastKnownFileType = sourcecode.swift; path = NotionBlockBuilder.swift; sourceTree = "<group>"; };
		1B768EE18D9B1C344F83A3A7 /* GoogleDocsRequestBuilderTests.swift */ = {isa = PBXFileReference; lastKnownFileType = sourcecode.swift; path = GoogleDocsRequestBuilderTests.swift; sourceTree = "<group>"; };
		22DCAF95174A4904BA68AAA0 /* PaywallView.swift */ = {isa = PBXFileReference; lastKnownFileType = sourcecode.swift; path = PaywallView.swift; sourceTree = "<group>"; };
		26495DB9F2CE5ECA515DD32F /* SpeakerNamingSheet.swift */ = {isa = PBXFileReference; lastKnownFileType = sourcecode.swift; path = SpeakerNamingSheet.swift; sourceTree = "<group>"; };
		290B4CFBB8B3489E58128266 /* AudioFileStoreTests.swift */ = {isa = PBXFileReference; lastKnownFileType = sourcecode.swift; path = AudioFileStoreTests.swift; sourceTree = "<group>"; };
		2CB9CDDD6825D8A847FDBD47 /* RecordingLiveActivity.swift */ = {isa = PBXFileReference; lastKnownFileType = sourcecode.swift; path = RecordingLiveActivity.swift; sourceTree = "<group>"; };
		35588A9513683492995A1F9F /* AppBootstrap.swift */ = {isa = PBXFileReference; lastKnownFileType = sourcecode.swift; path = AppBootstrap.swift; sourceTree = "<group>"; };
		3905B844DA37F1A842E0DE4C /* SummarySchemas.swift */ = {isa = PBXFileReference; lastKnownFileType = sourcecode.swift; path = SummarySchemas.swift; sourceTree = "<group>"; };
		3A549C7FF85BCF39F17252E3 /* GoogleDocsRequestBuilder.swift */ = {isa = PBXFileReference; lastKnownFileType = sourcecode.swift; path = GoogleDocsRequestBuilder.swift; sourceTree = "<group>"; };
		3C2E470B7C59B97A67259925 /* RecordingFlowView.swift */ = {isa = PBXFileReference; lastKnownFileType = sourcecode.swift; path = RecordingFlowView.swift; sourceTree = "<group>"; };
		3CFB5F4E9099A11161218F36 /* ProcessingView.swift */ = {isa = PBXFileReference; lastKnownFileType = sourcecode.swift; path = ProcessingView.swift; sourceTree = "<group>"; };
		3F3503A3D88D5E7BD4B71271 /* TranscriptListView.swift */ = {isa = PBXFileReference; lastKnownFileType = sourcecode.swift; path = TranscriptListView.swift; sourceTree = "<group>"; };
		3FCF294D15E96C5887838FCF /* NepNep.app */ = {isa = PBXFileReference; includeInIndex = 0; lastKnownFileType = wrapper.application; path = NepNep.app; sourceTree = BUILT_PRODUCTS_DIR; };
		4304451C7415306845632D8C /* CheckpointTests.swift */ = {isa = PBXFileReference; lastKnownFileType = sourcecode.swift; path = CheckpointTests.swift; sourceTree = "<group>"; };
		4460510ADF40D337A1D08E02 /* SpeakerMerger.swift */ = {isa = PBXFileReference; lastKnownFileType = sourcecode.swift; path = SpeakerMerger.swift; sourceTree = "<group>"; };
		45056920A100C7601ADE1CD9 /* LaunchScreen.storyboard */ = {isa = PBXFileReference; lastKnownFileType = file.storyboard; path = LaunchScreen.storyboard; sourceTree = "<group>"; };
		49279718DB0440DCCBC2322E /* AudioTranscoder.swift */ = {isa = PBXFileReference; lastKnownFileType = sourcecode.swift; path = AudioTranscoder.swift; sourceTree = "<group>"; };
		4FC82B635EDC575F446FA6DB /* Info.plist */ = {isa = PBXFileReference; lastKnownFileType = text.plist; path = Info.plist; sourceTree = "<group>"; };
		5102C50EA1ED895962BED6B7 /* PurchaseService.swift */ = {isa = PBXFileReference; lastKnownFileType = sourcecode.swift; path = PurchaseService.swift; sourceTree = "<group>"; };
		5376DA101A02AD0FDFF6632F /* ModelDownloadView.swift */ = {isa = PBXFileReference; lastKnownFileType = sourcecode.swift; path = ModelDownloadView.swift; sourceTree = "<group>"; };
		55887E47B6CB8C3FEB7847AB /* SummaryTemplateTests.swift */ = {isa = PBXFileReference; lastKnownFileType = sourcecode.swift; path = SummaryTemplateTests.swift; sourceTree = "<group>"; };
		55C6612E5729BAED6725567B /* ProcessingCheckpoint.swift */ = {isa = PBXFileReference; lastKnownFileType = sourcecode.swift; path = ProcessingCheckpoint.swift; sourceTree = "<group>"; };
		590752FB1473A645B2563732 /* HomeView.swift */ = {isa = PBXFileReference; lastKnownFileType = sourcecode.swift; path = HomeView.swift; sourceTree = "<group>"; };
		5C3C1257BEE58FC6EE4131D6 /* PipelineRunner.swift */ = {isa = PBXFileReference; lastKnownFileType = sourcecode.swift; path = PipelineRunner.swift; sourceTree = "<group>"; };
		5DCA5CF98CDFB8701781CC12 /* AppReviewSupport.swift */ = {isa = PBXFileReference; lastKnownFileType = sourcecode.swift; path = AppReviewSupport.swift; sourceTree = "<group>"; };
		5E4E5AEAA7A0ADAA185AE25B /* NepNepWidgetsBundle.swift */ = {isa = PBXFileReference; lastKnownFileType = sourcecode.swift; path = NepNepWidgetsBundle.swift; sourceTree = "<group>"; };
		61D556C8927865E45CE5EF10 /* RecordingActivityAttributes.swift */ = {isa = PBXFileReference; lastKnownFileType = sourcecode.swift; path = RecordingActivityAttributes.swift; sourceTree = "<group>"; };
		62F83DFB01A874432E37E6AD /* RecordingIntents.swift */ = {isa = PBXFileReference; lastKnownFileType = sourcecode.swift; path = RecordingIntents.swift; sourceTree = "<group>"; };
		6675D92EC2C231B41447E351 /* AppRootView.swift */ = {isa = PBXFileReference; lastKnownFileType = sourcecode.swift; path = AppRootView.swift; sourceTree = "<group>"; };
		693CB0A64A95BFBDA8C78964 /* SplashView.swift */ = {isa = PBXFileReference; lastKnownFileType = sourcecode.swift; path = SplashView.swift; sourceTree = "<group>"; };
		6B88C17739CBCD464725A1B6 /* TranscriptionEngine.swift */ = {isa = PBXFileReference; lastKnownFileType = sourcecode.swift; path = TranscriptionEngine.swift; sourceTree = "<group>"; };
		6F681361AFA4CF16760ABD4C /* ExportService.swift */ = {isa = PBXFileReference; lastKnownFileType = sourcecode.swift; path = ExportService.swift; sourceTree = "<group>"; };
		7819F1B0A6639D13AA071C80 /* RecordingSession.swift */ = {isa = PBXFileReference; lastKnownFileType = sourcecode.swift; path = RecordingSession.swift; sourceTree = "<group>"; };
		7B5D43885AEF2708A47E61F7 /* TranscriptChunker.swift */ = {isa = PBXFileReference; lastKnownFileType = sourcecode.swift; path = TranscriptChunker.swift; sourceTree = "<group>"; };
		7F3FEE0423AFD506F2A8A6CD /* SettingsView.swift */ = {isa = PBXFileReference; lastKnownFileType = sourcecode.swift; path = SettingsView.swift; sourceTree = "<group>"; };
		800CAAC7CB393983A0B25BC4 /* OnboardingView.swift */ = {isa = PBXFileReference; lastKnownFileType = sourcecode.swift; path = OnboardingView.swift; sourceTree = "<group>"; };
		8238129B0B27C835F6ABF4CA /* ProcessingCoordinator.swift */ = {isa = PBXFileReference; lastKnownFileType = sourcecode.swift; path = ProcessingCoordinator.swift; sourceTree = "<group>"; };
		85FC117406D617D60C1D86A2 /* DesignTokens.swift */ = {isa = PBXFileReference; lastKnownFileType = sourcecode.swift; path = DesignTokens.swift; sourceTree = "<group>"; };
		8604239FE2CC2508021B9835 /* DiarizationService.swift */ = {isa = PBXFileReference; lastKnownFileType = sourcecode.swift; path = DiarizationService.swift; sourceTree = "<group>"; };
		87ABDDA461D613A8C6B4E4E1 /* TranscriptMerger.swift */ = {isa = PBXFileReference; lastKnownFileType = sourcecode.swift; path = TranscriptMerger.swift; sourceTree = "<group>"; };
		9077F7743858C6BB3C37B455 /* NepNepWidgets.appex */ = {isa = PBXFileReference; includeInIndex = 0; lastKnownFileType = "wrapper.app-extension"; path = NepNepWidgets.appex; sourceTree = BUILT_PRODUCTS_DIR; };
		953181DA2070A1F7BD02DA8C /* GoogleFolderPicker.swift */ = {isa = PBXFileReference; lastKnownFileType = sourcecode.swift; path = GoogleFolderPicker.swift; sourceTree = "<group>"; };
		9533BF766CE8F0A2F22402BE /* AudioSessionController.swift */ = {isa = PBXFileReference; lastKnownFileType = sourcecode.swift; path = AudioSessionController.swift; sourceTree = "<group>"; };
		95F7A8AEAEAB41C722CBAC00 /* NepNep.storekit */ = {isa = PBXFileReference; path = NepNep.storekit; sourceTree = "<group>"; };
		960C4B94217B7F6236CD6667 /* NotionAPIClient.swift */ = {isa = PBXFileReference; lastKnownFileType = sourcecode.swift; path = NotionAPIClient.swift; sourceTree = "<group>"; };
		99F10F21230A40ECA6C2ADBA /* StorageCalcTests.swift */ = {isa = PBXFileReference; lastKnownFileType = sourcecode.swift; path = StorageCalcTests.swift; sourceTree = "<group>"; };
		A143C9C7E1691936AB39ACBF /* TranscriptChunkerTests.swift */ = {isa = PBXFileReference; lastKnownFileType = sourcecode.swift; path = TranscriptChunkerTests.swift; sourceTree = "<group>"; };
		A2F270BAC04AAB3F7F5AD75E /* NepNepTests.xctest */ = {isa = PBXFileReference; includeInIndex = 0; lastKnownFileType = wrapper.cfbundle; path = NepNepTests.xctest; sourceTree = BUILT_PRODUCTS_DIR; };
		A3BD70B485C1DA89C29F4434 /* CrashRecovery.swift */ = {isa = PBXFileReference; lastKnownFileType = sourcecode.swift; path = CrashRecovery.swift; sourceTree = "<group>"; };
		A7F54CA0A0792DAA38F747CF /* AudioFileStore.swift */ = {isa = PBXFileReference; lastKnownFileType = sourcecode.swift; path = AudioFileStore.swift; sourceTree = "<group>"; };
		A87CCC76EB2410327840528E /* NotificationService.swift */ = {isa = PBXFileReference; lastKnownFileType = sourcecode.swift; path = NotificationService.swift; sourceTree = "<group>"; };
		A8DA936D0CFAF997A372EA48 /* MeetingDetailView.swift */ = {isa = PBXFileReference; lastKnownFileType = sourcecode.swift; path = MeetingDetailView.swift; sourceTree = "<group>"; };
		AA0D09DD5F241F1CE212555D /* SpeechTranscriberEngine.swift */ = {isa = PBXFileReference; lastKnownFileType = sourcecode.swift; path = SpeechTranscriberEngine.swift; sourceTree = "<group>"; };
		AD79184261BFA144D43A00F8 /* TodoRowView.swift */ = {isa = PBXFileReference; lastKnownFileType = sourcecode.swift; path = TodoRowView.swift; sourceTree = "<group>"; };
		B2BB983E6510DE1DEE309243 /* AudioPlayerController.swift */ = {isa = PBXFileReference; lastKnownFileType = sourcecode.swift; path = AudioPlayerController.swift; sourceTree = "<group>"; };
		BD38E93AB0C8854A4C66B83B /* MeetingCardView.swift */ = {isa = PBXFileReference; lastKnownFileType = sourcecode.swift; path = MeetingCardView.swift; sourceTree = "<group>"; };
		BE152BE4ABB124860857B380 /* Info.plist */ = {isa = PBXFileReference; lastKnownFileType = text.plist; path = Info.plist; sourceTree = "<group>"; };
		BFADA570BC4C56EAC1C7902D /* SummaryTemplates.swift */ = {isa = PBXFileReference; lastKnownFileType = sourcecode.swift; path = SummaryTemplates.swift; sourceTree = "<group>"; };
		BFEE300C51E11E73A91A2669 /* Assets.xcassets */ = {isa = PBXFileReference; lastKnownFileType = folder.assetcatalog; path = Assets.xcassets; sourceTree = "<group>"; };
		C25A8A8259C4F7FAD30E32C8 /* GoogleDocsClient.swift */ = {isa = PBXFileReference; lastKnownFileType = sourcecode.swift; path = GoogleDocsClient.swift; sourceTree = "<group>"; };
		CCF4C60144CD795A7E8B89AF /* MeetingStore.swift */ = {isa = PBXFileReference; lastKnownFileType = sourcecode.swift; path = MeetingStore.swift; sourceTree = "<group>"; };
		CDE546A3F3F969B908FE1073 /* NotionTargetPicker.swift */ = {isa = PBXFileReference; lastKnownFileType = sourcecode.swift; path = NotionTargetPicker.swift; sourceTree = "<group>"; };
		D1A084A852284E0DD3512A47 /* NotionAuthService.swift */ = {isa = PBXFileReference; lastKnownFileType = sourcecode.swift; path = NotionAuthService.swift; sourceTree = "<group>"; };
		DBF32522BEAF872149D0E8F2 /* SummaryService.swift */ = {isa = PBXFileReference; lastKnownFileType = sourcecode.swift; path = SummaryService.swift; sourceTree = "<group>"; };
		DEC01DBB2C6605C4C7CB234E /* SummaryTabView.swift */ = {isa = PBXFileReference; lastKnownFileType = sourcecode.swift; path = SummaryTabView.swift; sourceTree = "<group>"; };
		E073224114BFDBFEDF036CF7 /* UsageTrackerTests.swift */ = {isa = PBXFileReference; lastKnownFileType = sourcecode.swift; path = UsageTrackerTests.swift; sourceTree = "<group>"; };
		E148D541EA4C5857F0404D0B /* TranscriptMergerTests.swift */ = {isa = PBXFileReference; lastKnownFileType = sourcecode.swift; path = TranscriptMergerTests.swift; sourceTree = "<group>"; };
		E7D12538811DE25D9BE4E4F7 /* DebugSeed.swift */ = {isa = PBXFileReference; lastKnownFileType = sourcecode.swift; path = DebugSeed.swift; sourceTree = "<group>"; };
		E930E75DDE92C106A4826608 /* RecordingLiveActivityController.swift */ = {isa = PBXFileReference; lastKnownFileType = sourcecode.swift; path = RecordingLiveActivityController.swift; sourceTree = "<group>"; };
		ED73DC01F413E941174579E8 /* NotionBlockBuilderTests.swift */ = {isa = PBXFileReference; lastKnownFileType = sourcecode.swift; path = NotionBlockBuilderTests.swift; sourceTree = "<group>"; };
		EF8800ACDF43CA1FB6A37DE0 /* ModelAssetManager.swift */ = {isa = PBXFileReference; lastKnownFileType = sourcecode.swift; path = ModelAssetManager.swift; sourceTree = "<group>"; };
		EFF01695C75D9F833FF29DF5 /* CloudPipelineClient.swift */ = {isa = PBXFileReference; lastKnownFileType = sourcecode.swift; path = CloudPipelineClient.swift; sourceTree = "<group>"; };
		F36735F7DC7DE774740CF657 /* StorageCalc.swift */ = {isa = PBXFileReference; lastKnownFileType = sourcecode.swift; path = StorageCalc.swift; sourceTree = "<group>"; };
		F85EC594E7E65D5FD2FF7E3F /* GoogleAuthService.swift */ = {isa = PBXFileReference; lastKnownFileType = sourcecode.swift; path = GoogleAuthService.swift; sourceTree = "<group>"; };
		FC385F030CA24FEFB79F8A5B /* Meeting.swift */ = {isa = PBXFileReference; lastKnownFileType = sourcecode.swift; path = Meeting.swift; sourceTree = "<group>"; };
		FF2CDCA5BC1D8C9924A73378 /* ExportSheet.swift */ = {isa = PBXFileReference; lastKnownFileType = sourcecode.swift; path = ExportSheet.swift; sourceTree = "<group>"; };
/* End PBXFileReference section */

/* Begin PBXFrameworksBuildPhase section */
		0236942974F0E63FEF8A3AB5 /* Frameworks */ = {
			isa = PBXFrameworksBuildPhase;
			buildActionMask = 2147483647;
			files = (
				C24075785C3F005BFF9F9563 /* FluidAudio in Frameworks */,
			);
			runOnlyForDeploymentPostprocessing = 0;
		};
/* End PBXFrameworksBuildPhase section */

/* Begin PBXGroup section */
		0A307CFC2B6C71D8CCC0F9ED = {
			isa = PBXGroup;
			children = (
				FE50CC31A6316E97490F8C40 /* NepNep */,
				2B375B88942BF14ABB496BD0 /* NepNepTests */,
				752CCCAE23C12C4791EDD72B /* NepNepWidgets */,
				7F241877338DE0260609D5C9 /* Shared */,
				757A8D29753767DFB45CC212 /* Products */,
			);
			sourceTree = "<group>";
		};
		0CC81E821FFCD4FA3ED47A7C /* Settings */ = {
			isa = PBXGroup;
			children = (
				7F3FEE0423AFD506F2A8A6CD /* SettingsView.swift */,
				165C6F4E649C0DBB171D5F79 /* StorageSection.swift */,
			);
			path = Settings;
			sourceTree = "<group>";
		};
		11504E33BAE8D092241B459B /* Models */ = {
			isa = PBXGroup;
			children = (
				FC385F030CA24FEFB79F8A5B /* Meeting.swift */,
			);
			path = Models;
			sourceTree = "<group>";
		};
		2B00BC1F507B040314EE7F8B /* MeetingDetail */ = {
			isa = PBXGroup;
			children = (
				B2BB983E6510DE1DEE309243 /* AudioPlayerController.swift */,
				A8DA936D0CFAF997A372EA48 /* MeetingDetailView.swift */,
				4460510ADF40D337A1D08E02 /* SpeakerMerger.swift */,
				26495DB9F2CE5ECA515DD32F /* SpeakerNamingSheet.swift */,
				DEC01DBB2C6605C4C7CB234E /* SummaryTabView.swift */,
				AD79184261BFA144D43A00F8 /* TodoRowView.swift */,
				3F3503A3D88D5E7BD4B71271 /* TranscriptListView.swift */,
			);
			path = MeetingDetail;
			sourceTree = "<group>";
		};
		2B375B88942BF14ABB496BD0 /* NepNepTests */ = {
			isa = PBXGroup;
			children = (
				290B4CFBB8B3489E58128266 /* AudioFileStoreTests.swift */,
				4304451C7415306845632D8C /* CheckpointTests.swift */,
				1B768EE18D9B1C344F83A3A7 /* GoogleDocsRequestBuilderTests.swift */,
				ED73DC01F413E941174579E8 /* NotionBlockBuilderTests.swift */,
				12D994F466FA228F985C3CE6 /* SpeakerMergeTests.swift */,
				99F10F21230A40ECA6C2ADBA /* StorageCalcTests.swift */,
				55887E47B6CB8C3FEB7847AB /* SummaryTemplateTests.swift */,
				A143C9C7E1691936AB39ACBF /* TranscriptChunkerTests.swift */,
				E148D541EA4C5857F0404D0B /* TranscriptMergerTests.swift */,
				E073224114BFDBFEDF036CF7 /* UsageTrackerTests.swift */,
			);
			path = NepNepTests;
			sourceTree = "<group>";
		};
		391C0030E36DE08932DEF7F3 /* Processing */ = {
			isa = PBXGroup;
			children = (
				16E10E5E1B2EF02EBF0CE941 /* ProcessingFailureReason+Message.swift */,
				3CFB5F4E9099A11161218F36 /* ProcessingView.swift */,
			);
			path = Processing;
			sourceTree = "<group>";
		};
		3A53BCDF5D29072B57A24366 /* Splash */ = {
			isa = PBXGroup;
			children = (
				5376DA101A02AD0FDFF6632F /* ModelDownloadView.swift */,
				693CB0A64A95BFBDA8C78964 /* SplashView.swift */,
			);
			path = Splash;
			sourceTree = "<group>";
		};
		3E230713B28F9D46B48DE795 /* Cloud */ = {
			isa = PBXGroup;
			children = (
				EFF01695C75D9F833FF29DF5 /* CloudPipelineClient.swift */,
				5102C50EA1ED895962BED6B7 /* PurchaseService.swift */,
				0D8AD2D188CC9897347D7314 /* UsageTracker.swift */,
			);
			path = Cloud;
			sourceTree = "<group>";
		};
		46E31B0D4722AB9C7F098D7B /* Export */ = {
			isa = PBXGroup;
			children = (
				FF2CDCA5BC1D8C9924A73378 /* ExportSheet.swift */,
				953181DA2070A1F7BD02DA8C /* GoogleFolderPicker.swift */,
				CDE546A3F3F969B908FE1073 /* NotionTargetPicker.swift */,
			);
			path = Export;
			sourceTree = "<group>";
		};
		4F881CA474DF298DAD2EC646 /* Pipeline */ = {
			isa = PBXGroup;
			children = (
				8604239FE2CC2508021B9835 /* DiarizationService.swift */,
				EF8800ACDF43CA1FB6A37DE0 /* ModelAssetManager.swift */,
				5C3C1257BEE58FC6EE4131D6 /* PipelineRunner.swift */,
				55C6612E5729BAED6725567B /* ProcessingCheckpoint.swift */,
				8238129B0B27C835F6ABF4CA /* ProcessingCoordinator.swift */,
				AA0D09DD5F241F1CE212555D /* SpeechTranscriberEngine.swift */,
				6B88C17739CBCD464725A1B6 /* TranscriptionEngine.swift */,
				87ABDDA461D613A8C6B4E4E1 /* TranscriptMerger.swift */,
			);
			path = Pipeline;
			sourceTree = "<group>";
		};
		54DD346C7C43CB1E21DD8C58 /* Storage */ = {
			isa = PBXGroup;
			children = (
				A7F54CA0A0792DAA38F747CF /* AudioFileStore.swift */,
				F36735F7DC7DE774740CF657 /* StorageCalc.swift */,
			);
			path = Storage;
			sourceTree = "<group>";
		};
		6390A3D8479F4CAC85465D12 /* Paywall */ = {
			isa = PBXGroup;
			children = (
				22DCAF95174A4904BA68AAA0 /* PaywallView.swift */,
			);
			path = Paywall;
			sourceTree = "<group>";
		};
		752CCCAE23C12C4791EDD72B /* NepNepWidgets */ = {
			isa = PBXGroup;
			children = (
				BE152BE4ABB124860857B380 /* Info.plist */,
				5E4E5AEAA7A0ADAA185AE25B /* NepNepWidgetsBundle.swift */,
				2CB9CDDD6825D8A847FDBD47 /* RecordingLiveActivity.swift */,
			);
			path = NepNepWidgets;
			sourceTree = "<group>";
		};
		757A8D29753767DFB45CC212 /* Products */ = {
			isa = PBXGroup;
			children = (
				3FCF294D15E96C5887838FCF /* NepNep.app */,
				A2F270BAC04AAB3F7F5AD75E /* NepNepTests.xctest */,
				9077F7743858C6BB3C37B455 /* NepNepWidgets.appex */,
			);
			name = Products;
			sourceTree = "<group>";
		};
		7F241877338DE0260609D5C9 /* Shared */ = {
			isa = PBXGroup;
			children = (
				61D556C8927865E45CE5EF10 /* RecordingActivityAttributes.swift */,
				62F83DFB01A874432E37E6AD /* RecordingIntents.swift */,
			);
			path = Shared;
			sourceTree = "<group>";
		};
		8E2FC4BCF5355C6152DD5DFA /* Support */ = {
			isa = PBXGroup;
			children = (
				35588A9513683492995A1F9F /* AppBootstrap.swift */,
				5DCA5CF98CDFB8701781CC12 /* AppReviewSupport.swift */,
				E7D12538811DE25D9BE4E4F7 /* DebugSeed.swift */,
				85FC117406D617D60C1D86A2 /* DesignTokens.swift */,
				A87CCC76EB2410327840528E /* NotificationService.swift */,
				E930E75DDE92C106A4826608 /* RecordingLiveActivityController.swift */,
				033D79FE32439AA6AC29D046 /* Router.swift */,
			);
			path = Support;
			sourceTree = "<group>";
		};
		8ED000AD0B0148A1B5C8235F /* Onboarding */ = {
			isa = PBXGroup;
			children = (
				800CAAC7CB393983A0B25BC4 /* OnboardingView.swift */,
			);
			path = Onboarding;
			sourceTree = "<group>";
		};
		94D65B681DE5973147DA1213 /* Core */ = {
			isa = PBXGroup;
			children = (
				F4E921060BA0A8F5A64C5EF6 /* Audio */,
				3E230713B28F9D46B48DE795 /* Cloud */,
				E5EA5E265CA57EBCA2BB404D /* Export */,
				11504E33BAE8D092241B459B /* Models */,
				4F881CA474DF298DAD2EC646 /* Pipeline */,
				54DD346C7C43CB1E21DD8C58 /* Storage */,
				DA618CA8984454B40D0F3303 /* Summary */,
				8E2FC4BCF5355C6152DD5DFA /* Support */,
			);
			path = Core;
			sourceTree = "<group>";
		};
		9E33E88136D95F7120F94B09 /* Features */ = {
			isa = PBXGroup;
			children = (
				46E31B0D4722AB9C7F098D7B /* Export */,
				A35950DD9CD75B97C59FC409 /* Home */,
				2B00BC1F507B040314EE7F8B /* MeetingDetail */,
				8ED000AD0B0148A1B5C8235F /* Onboarding */,
				6390A3D8479F4CAC85465D12 /* Paywall */,
				391C0030E36DE08932DEF7F3 /* Processing */,
				E08A4C4DD17D3F7035015C45 /* Recording */,
				0CC81E821FFCD4FA3ED47A7C /* Settings */,
				3A53BCDF5D29072B57A24366 /* Splash */,
			);
			path = Features;
			sourceTree = "<group>";
		};
		A35950DD9CD75B97C59FC409 /* Home */ = {
			isa = PBXGroup;
			children = (
				590752FB1473A645B2563732 /* HomeView.swift */,
				BD38E93AB0C8854A4C66B83B /* MeetingCardView.swift */,
				CCF4C60144CD795A7E8B89AF /* MeetingStore.swift */,
			);
			path = Home;
			sourceTree = "<group>";
		};
		DA618CA8984454B40D0F3303 /* Summary */ = {
			isa = PBXGroup;
			children = (
				3905B844DA37F1A842E0DE4C /* SummarySchemas.swift */,
				DBF32522BEAF872149D0E8F2 /* SummaryService.swift */,
				BFADA570BC4C56EAC1C7902D /* SummaryTemplates.swift */,
				7B5D43885AEF2708A47E61F7 /* TranscriptChunker.swift */,
			);
			path = Summary;
			sourceTree = "<group>";
		};
		E08A4C4DD17D3F7035015C45 /* Recording */ = {
			isa = PBXGroup;
			children = (
				3C2E470B7C59B97A67259925 /* RecordingFlowView.swift */,
				020A599E5EBD21C62E26F6BB /* RecordingView.swift */,
			);
			path = Recording;
			sourceTree = "<group>";
		};
		E5EA5E265CA57EBCA2BB404D /* Export */ = {
			isa = PBXGroup;
			children = (
				6F681361AFA4CF16760ABD4C /* ExportService.swift */,
				F85EC594E7E65D5FD2FF7E3F /* GoogleAuthService.swift */,
				C25A8A8259C4F7FAD30E32C8 /* GoogleDocsClient.swift */,
				3A549C7FF85BCF39F17252E3 /* GoogleDocsRequestBuilder.swift */,
				16F4E20E8440FBB91968D804 /* KeychainStore.swift */,
				960C4B94217B7F6236CD6667 /* NotionAPIClient.swift */,
				D1A084A852284E0DD3512A47 /* NotionAuthService.swift */,
				178631DCFBE1C81A920CE332 /* NotionBlockBuilder.swift */,
			);
			path = Export;
			sourceTree = "<group>";
		};
		F4E921060BA0A8F5A64C5EF6 /* Audio */ = {
			isa = PBXGroup;
			children = (
				9533BF766CE8F0A2F22402BE /* AudioSessionController.swift */,
				49279718DB0440DCCBC2322E /* AudioTranscoder.swift */,
				14A91EFB1AF23862A25674C5 /* ChunkedAudioWriter.swift */,
				A3BD70B485C1DA89C29F4434 /* CrashRecovery.swift */,
				7819F1B0A6639D13AA071C80 /* RecordingSession.swift */,
			);
			path = Audio;
			sourceTree = "<group>";
		};
		FE50CC31A6316E97490F8C40 /* NepNep */ = {
			isa = PBXGroup;
			children = (
				6675D92EC2C231B41447E351 /* AppRootView.swift */,
				BFEE300C51E11E73A91A2669 /* Assets.xcassets */,
				4FC82B635EDC575F446FA6DB /* Info.plist */,
				45056920A100C7601ADE1CD9 /* LaunchScreen.storyboard */,
				95F7A8AEAEAB41C722CBAC00 /* NepNep.storekit */,
				14993A634A72DEBCB25977F0 /* NepNepApp.swift */,
				94D65B681DE5973147DA1213 /* Core */,
				9E33E88136D95F7120F94B09 /* Features */,
			);
			path = NepNep;
			sourceTree = "<group>";
		};
/* End PBXGroup section */

/* Begin PBXNativeTarget section */
		820B11A1610AA4919D7E54FB /* NepNepTests */ = {
			isa = PBXNativeTarget;
			buildConfigurationList = 1ACA82F70689D3458122AFEE /* Build configuration list for PBXNativeTarget "NepNepTests" */;
			buildPhases = (
				5C0F5B7CFEA8060547163234 /* Sources */,
			);
			buildRules = (
			);
			dependencies = (
				AF20AB93330A371E5FB42721 /* PBXTargetDependency */,
			);
			name = NepNepTests;
			packageProductDependencies = (
			);
			productName = NepNepTests;
			productReference = A2F270BAC04AAB3F7F5AD75E /* NepNepTests.xctest */;
			productType = "com.apple.product-type.bundle.unit-test";
		};
		E8842CACE76B4AC53AC84665 /* NepNepWidgets */ = {
			isa = PBXNativeTarget;
			buildConfigurationList = 4EB23052473A7F43C5B8F3F4 /* Build configuration list for PBXNativeTarget "NepNepWidgets" */;
			buildPhases = (
				07F584ACFCD73FA551E46DA7 /* Sources */,
			);
			buildRules = (
			);
			dependencies = (
			);
			name = NepNepWidgets;
			packageProductDependencies = (
			);
			productName = NepNepWidgets;
			productReference = 9077F7743858C6BB3C37B455 /* NepNepWidgets.appex */;
			productType = "com.apple.product-type.app-extension";
		};
		F3AE91A0876B10FCDFD51635 /* NepNep */ = {
			isa = PBXNativeTarget;
			buildConfigurationList = AD5F5E27890C1E43FCC3C9A1 /* Build configuration list for PBXNativeTarget "NepNep" */;
			buildPhases = (
				812E96FF9A65887E2DD64372 /* Sources */,
				ED1AF3A6DFCF060D212731E9 /* Resources */,
				0236942974F0E63FEF8A3AB5 /* Frameworks */,
				E94D856A20C9EE2066F31D52 /* Embed Foundation Extensions */,
			);
			buildRules = (
			);
			dependencies = (
				416FA50306C523E328997326 /* PBXTargetDependency */,
			);
			name = NepNep;
			packageProductDependencies = (
				7610D102D0549E34C006B045 /* FluidAudio */,
			);
			productName = NepNep;
			productReference = 3FCF294D15E96C5887838FCF /* NepNep.app */;
			productType = "com.apple.product-type.application";
		};
/* End PBXNativeTarget section */

/* Begin PBXProject section */
		00DF7C4596CAAC47AE242136 /* Project object */ = {
			isa = PBXProject;
			attributes = {
				BuildIndependentTargetsInParallel = YES;
				LastUpgradeCheck = 1430;
				TargetAttributes = {
					820B11A1610AA4919D7E54FB = {
						DevelopmentTeam = WDNVP9B8A9;
						ProvisioningStyle = Automatic;
					};
					E8842CACE76B4AC53AC84665 = {
						DevelopmentTeam = WDNVP9B8A9;
						ProvisioningStyle = Automatic;
					};
					F3AE91A0876B10FCDFD51635 = {
						DevelopmentTeam = WDNVP9B8A9;
						ProvisioningStyle = Automatic;
					};
				};
			};
			buildConfigurationList = 5F4F67147C2E514D415C1C6F /* Build configuration list for PBXProject "NepNep" */;
			developmentRegion = en;
			hasScannedForEncodings = 0;
			knownRegions = (
				Base,
				en,
			);
			mainGroup = 0A307CFC2B6C71D8CCC0F9ED;
			minimizedProjectReferenceProxies = 1;
			packageReferences = (
				BEDBC2EA4BC105D8EEE24BE9 /* XCRemoteSwiftPackageReference "FluidAudio" */,
			);
			preferredProjectObjectVersion = 77;
			productRefGroup = 757A8D29753767DFB45CC212 /* Products */;
			projectDirPath = "";
			projectRoot = "";
			targets = (
				F3AE91A0876B10FCDFD51635 /* NepNep */,
				820B11A1610AA4919D7E54FB /* NepNepTests */,
				E8842CACE76B4AC53AC84665 /* NepNepWidgets */,
			);
		};
/* End PBXProject section */

/* Begin PBXResourcesBuildPhase section */
		ED1AF3A6DFCF060D212731E9 /* Resources */ = {
			isa = PBXResourcesBuildPhase;
			buildActionMask = 2147483647;
			files = (
				3BA4F3D24858FAEB0BD8F35C /* Assets.xcassets in Resources */,
				4D8CF34A90B5B593B5CA26F1 /* LaunchScreen.storyboard in Resources */,
				344A180ECA17C50EC3E0971B /* NepNep.storekit in Resources */,
			);
			runOnlyForDeploymentPostprocessing = 0;
		};
/* End PBXResourcesBuildPhase section */

/* Begin PBXSourcesBuildPhase section */
		07F584ACFCD73FA551E46DA7 /* Sources */ = {
			isa = PBXSourcesBuildPhase;
			buildActionMask = 2147483647;
			files = (
				317B3C04A7B5BF700E8D18A1 /* NepNepWidgetsBundle.swift in Sources */,
				D49A086141968813204EB4FC /* RecordingActivityAttributes.swift in Sources */,
				D1ADD690934D7C04CF509E52 /* RecordingIntents.swift in Sources */,
				888C720E4F7FC67603DA17E7 /* RecordingLiveActivity.swift in Sources */,
			);
			runOnlyForDeploymentPostprocessing = 0;
		};
		5C0F5B7CFEA8060547163234 /* Sources */ = {
			isa = PBXSourcesBuildPhase;
			buildActionMask = 2147483647;
			files = (
				399D3185ECD2191242BDD879 /* AudioFileStoreTests.swift in Sources */,
				785ED62D7DDBD53151FD53D2 /* CheckpointTests.swift in Sources */,
				6764AD0FBBEBC415DCA48FE3 /* GoogleDocsRequestBuilderTests.swift in Sources */,
				B0A1E2CB5EF2F6875A192524 /* NotionBlockBuilderTests.swift in Sources */,
				3CB47FDD67EDFDA1CD10743D /* SpeakerMergeTests.swift in Sources */,
				B5DA190D1DC5A629299599AF /* StorageCalcTests.swift in Sources */,
				6F4007693DA6B220E5F05AF0 /* SummaryTemplateTests.swift in Sources */,
				33D3FE8EC4FAE87D563ED103 /* TranscriptChunkerTests.swift in Sources */,
				965BB3FDD975F06D08802A5D /* TranscriptMergerTests.swift in Sources */,
				02E15332F905EA04233D801F /* UsageTrackerTests.swift in Sources */,
			);
			runOnlyForDeploymentPostprocessing = 0;
		};
		812E96FF9A65887E2DD64372 /* Sources */ = {
			isa = PBXSourcesBuildPhase;
			buildActionMask = 2147483647;
			files = (
				9BC8A5D325AC33488508CEF6 /* AppBootstrap.swift in Sources */,
				B030658344FF6DE21264786C /* AppReviewSupport.swift in Sources */,
				3613C15167AF08CA0CA237A1 /* AppRootView.swift in Sources */,
				8A422F54449BBE2F312A71C2 /* AudioFileStore.swift in Sources */,
				CC9C73920FD8F9328403EC27 /* AudioPlayerController.swift in Sources */,
				B3C4B5B59A60F20D2E3933EA /* AudioSessionController.swift in Sources */,
				00B290B35EE542556F3ECB73 /* AudioTranscoder.swift in Sources */,
				013BD6882501D8CC55D4215E /* ChunkedAudioWriter.swift in Sources */,
				79741BC0443A67168C35999B /* CloudPipelineClient.swift in Sources */,
				6DA78BEDFEA6054F2B51B6C0 /* CrashRecovery.swift in Sources */,
				0F7704B94FEF196623C21C66 /* DebugSeed.swift in Sources */,
				6390C21857EFFB43E95B7D24 /* DesignTokens.swift in Sources */,
				9F33B4C5E13D6FF9A3391F9E /* DiarizationService.swift in Sources */,
				E671BC46E31C38F777817953 /* ExportService.swift in Sources */,
				0424186498AC12DAF2C176B2 /* ExportSheet.swift in Sources */,
				93D6959EAF2F0260269D1F7D /* GoogleAuthService.swift in Sources */,
				5AB9595630C968AB7CE0222D /* GoogleDocsClient.swift in Sources */,
				98E4A76C6DB3A67AC3749F8B /* GoogleDocsRequestBuilder.swift in Sources */,
				EEDEFF2F9BFF8228491DE4E6 /* GoogleFolderPicker.swift in Sources */,
				8D4244692346DD0B83654128 /* HomeView.swift in Sources */,
				0F07A04AA1B57EFBC634A76D /* KeychainStore.swift in Sources */,
				EB5C9258732D44B677C241D7 /* Meeting.swift in Sources */,
				8F139F73297AD0D9DCD821D3 /* MeetingCardView.swift in Sources */,
				B05BE02127720558DFF56011 /* MeetingDetailView.swift in Sources */,
				1F87FFD6CD26763A9F90A008 /* MeetingStore.swift in Sources */,
				C19EF4AB88E559546783B4C5 /* ModelAssetManager.swift in Sources */,
				5ECADFB42137E0F07D5AA926 /* ModelDownloadView.swift in Sources */,
				E46F0DC854AB36CC25EF6EA8 /* NepNepApp.swift in Sources */,
				2D2DB0CCD932C1934BCBD90E /* NotificationService.swift in Sources */,
				5893CFEEFCA5BFE5170D87D1 /* NotionAPIClient.swift in Sources */,
				A925E8B83B5FA2B40B1EDCBE /* NotionAuthService.swift in Sources */,
				A9A06D6624720AC7CB39A96C /* NotionBlockBuilder.swift in Sources */,
				CE649B04924C1142BAA3C838 /* NotionTargetPicker.swift in Sources */,
				8BDEE1A1660CB8A207BD8320 /* OnboardingView.swift in Sources */,
				877C554973F8BDC1875583FA /* PaywallView.swift in Sources */,
				E2E62B95E15582DFD1074D95 /* PipelineRunner.swift in Sources */,
				04B7203DB013E6ADA036D548 /* ProcessingCheckpoint.swift in Sources */,
				403839E7A7D16D0442800AED /* ProcessingCoordinator.swift in Sources */,
				7CC9FFEC23A2AEEB88037577 /* ProcessingFailureReason+Message.swift in Sources */,
				CC8A7CFC11789843EE10DBA1 /* ProcessingView.swift in Sources */,
				7333C46F2926E84614295FEF /* PurchaseService.swift in Sources */,
				963EDFBD18AF9A253D03457C /* RecordingActivityAttributes.swift in Sources */,
				B16595EEF86E5B98376C34A8 /* RecordingFlowView.swift in Sources */,
				95B59F63C20E4289027DB8CA /* RecordingIntents.swift in Sources */,
				315E3466096D418EA2C1775D /* RecordingLiveActivityController.swift in Sources */,
				051CEEC2BCBED89A8513407B /* RecordingSession.swift in Sources */,
				577DF07F6DAB9CD7AD034E97 /* RecordingView.swift in Sources */,
				0F94B99A7C5FC10A2EDBE529 /* Router.swift in Sources */,
				43A080F9BDDD1AC2A99CD7F6 /* SettingsView.swift in Sources */,
				6A77B49831611A118197C295 /* SpeakerMerger.swift in Sources */,
				3B13A5E162B2FDA5ED8C4422 /* SpeakerNamingSheet.swift in Sources */,
				BB4C7779B5C3528F8FC95FE9 /* SpeechTranscriberEngine.swift in Sources */,
				0B1A35F52CC03FF6F28FF176 /* SplashView.swift in Sources */,
				56D0BF3D5C9B3CB406FA4178 /* StorageCalc.swift in Sources */,
				DB72B95A6F47034A099733E1 /* StorageSection.swift in Sources */,
				B6ECEE271EA18C9F658C4EFA /* SummarySchemas.swift in Sources */,
				A3A3AD3A9894FDCC9974E213 /* SummaryService.swift in Sources */,
				66E08B1C7C84E87C49B2E9D1 /* SummaryTabView.swift in Sources */,
				89D7581EB52C95AC7067A36D /* SummaryTemplates.swift in Sources */,
				7EA9D8258AA652712BE69117 /* TodoRowView.swift in Sources */,
				6ED642D537ED9E65BB856EDA /* TranscriptChunker.swift in Sources */,
				7B09314686C3EDE0A3CEC402 /* TranscriptListView.swift in Sources */,
				686ABD279EC61518E221A504 /* TranscriptMerger.swift in Sources */,
				D9ED39E48AA44FBC73CD744D /* TranscriptionEngine.swift in Sources */,
				9A1551089EB44A487B883625 /* UsageTracker.swift in Sources */,
			);
			runOnlyForDeploymentPostprocessing = 0;
		};
/* End PBXSourcesBuildPhase section */

/* Begin PBXTargetDependency section */
		416FA50306C523E328997326 /* PBXTargetDependency */ = {
			isa = PBXTargetDependency;
			target = E8842CACE76B4AC53AC84665 /* NepNepWidgets */;
			targetProxy = D6C09387E470DBAA713ECA21 /* PBXContainerItemProxy */;
		};
		AF20AB93330A371E5FB42721 /* PBXTargetDependency */ = {
			isa = PBXTargetDependency;
			target = F3AE91A0876B10FCDFD51635 /* NepNep */;
			targetProxy = C4D49878EA8C97FDF070B1C1 /* PBXContainerItemProxy */;
		};
/* End PBXTargetDependency section */

/* Begin XCBuildConfiguration section */
		271977F2BF44CEC07E8F4228 /* Debug */ = {
			isa = XCBuildConfiguration;
			buildSettings = {
				ASSETCATALOG_COMPILER_APPICON_NAME = AppIcon;
				CODE_SIGN_IDENTITY = "iPhone Developer";
				INFOPLIST_FILE = NepNep/Info.plist;
				LD_RUNPATH_SEARCH_PATHS = (
					"$(inherited)",
					"@executable_path/Frameworks",
				);
				PRODUCT_BUNDLE_IDENTIFIER = com.nepnep.NepNep;
				SDKROOT = iphoneos;
				TARGETED_DEVICE_FAMILY = "1,2";
			};
			name = Debug;
		};
		389A3B5A98583FD7AB4F2CDB /* Release */ = {
			isa = XCBuildConfiguration;
			buildSettings = {
				BUNDLE_LOADER = "$(TEST_HOST)";
				GENERATE_INFOPLIST_FILE = YES;
				LD_RUNPATH_SEARCH_PATHS = (
					"$(inherited)",
					"@executable_path/Frameworks",
					"@loader_path/Frameworks",
				);
				PRODUCT_BUNDLE_IDENTIFIER = com.nepnep.NepNepTests;
				SDKROOT = iphoneos;
				TARGETED_DEVICE_FAMILY = "1,2";
				TEST_HOST = "$(BUILT_PRODUCTS_DIR)/NepNep.app/NepNep";
			};
			name = Release;
		};
		613D6CA6FEF879C303232858 /* Release */ = {
			isa = XCBuildConfiguration;
			buildSettings = {
				ASSETCATALOG_COMPILER_APPICON_NAME = AppIcon;
				CODE_SIGN_IDENTITY = "iPhone Developer";
				INFOPLIST_FILE = NepNep/Info.plist;
				LD_RUNPATH_SEARCH_PATHS = (
					"$(inherited)",
					"@executable_path/Frameworks",
				);
				PRODUCT_BUNDLE_IDENTIFIER = com.nepnep.NepNep;
				SDKROOT = iphoneos;
				TARGETED_DEVICE_FAMILY = "1,2";
			};
			name = Release;
		};
		80C99BFE2923E3C38F522664 /* Debug */ = {
			isa = XCBuildConfiguration;
			buildSettings = {
				BUNDLE_LOADER = "$(TEST_HOST)";
				GENERATE_INFOPLIST_FILE = YES;
				LD_RUNPATH_SEARCH_PATHS = (
					"$(inherited)",
					"@executable_path/Frameworks",
					"@loader_path/Frameworks",
				);
				PRODUCT_BUNDLE_IDENTIFIER = com.nepnep.NepNepTests;
				SDKROOT = iphoneos;
				TARGETED_DEVICE_FAMILY = "1,2";
				TEST_HOST = "$(BUILT_PRODUCTS_DIR)/NepNep.app/NepNep";
			};
			name = Debug;
		};
		89E87984926FB287A5B0EC5E /* Release */ = {
			isa = XCBuildConfiguration;
			buildSettings = {
				ALWAYS_SEARCH_USER_PATHS = NO;
				CLANG_ANALYZER_NONNULL = YES;
				CLANG_ANALYZER_NUMBER_OBJECT_CONVERSION = YES_AGGRESSIVE;
				CLANG_CXX_LANGUAGE_STANDARD = "gnu++14";
				CLANG_CXX_LIBRARY = "libc++";
				CLANG_ENABLE_MODULES = YES;
				CLANG_ENABLE_OBJC_ARC = YES;
				CLANG_ENABLE_OBJC_WEAK = YES;
				CLANG_WARN_BLOCK_CAPTURE_AUTORELEASING = YES;
				CLANG_WARN_BOOL_CONVERSION = YES;
				CLANG_WARN_COMMA = YES;
				CLANG_WARN_CONSTANT_CONVERSION = YES;
				CLANG_WARN_DEPRECATED_OBJC_IMPLEMENTATIONS = YES;
				CLANG_WARN_DIRECT_OBJC_ISA_USAGE = YES_ERROR;
				CLANG_WARN_DOCUMENTATION_COMMENTS = YES;
				CLANG_WARN_EMPTY_BODY = YES;
				CLANG_WARN_ENUM_CONVERSION = YES;
				CLANG_WARN_INFINITE_RECURSION = YES;
				CLANG_WARN_INT_CONVERSION = YES;
				CLANG_WARN_NON_LITERAL_NULL_CONVERSION = YES;
				CLANG_WARN_OBJC_IMPLICIT_RETAIN_SELF = YES;
				CLANG_WARN_OBJC_LITERAL_CONVERSION = YES;
				CLANG_WARN_OBJC_ROOT_CLASS = YES_ERROR;
				CLANG_WARN_QUOTED_INCLUDE_IN_FRAMEWORK_HEADER = YES;
				CLANG_WARN_RANGE_LOOP_ANALYSIS = YES;
				CLANG_WARN_STRICT_PROTOTYPES = YES;
				CLANG_WARN_SUSPICIOUS_MOVE = YES;
				CLANG_WARN_UNGUARDED_AVAILABILITY = YES_AGGRESSIVE;
				CLANG_WARN_UNREACHABLE_CODE = YES;
				CLANG_WARN__DUPLICATE_METHOD_MATCH = YES;
				CODE_SIGN_STYLE = Automatic;
				COPY_PHASE_STRIP = NO;
				DEBUG_INFORMATION_FORMAT = "dwarf-with-dsym";
				DEVELOPMENT_TEAM = WDNVP9B8A9;
				ENABLE_NS_ASSERTIONS = NO;
				ENABLE_STRICT_OBJC_MSGSEND = YES;
				GCC_C_LANGUAGE_STANDARD = gnu11;
				GCC_NO_COMMON_BLOCKS = YES;
				GCC_WARN_64_TO_32_BIT_CONVERSION = YES;
				GCC_WARN_ABOUT_RETURN_TYPE = YES_ERROR;
				GCC_WARN_UNDECLARED_SELECTOR = YES;
				GCC_WARN_UNINITIALIZED_AUTOS = YES_AGGRESSIVE;
				GCC_WARN_UNUSED_FUNCTION = YES;
				GCC_WARN_UNUSED_VARIABLE = YES;
				GENERATE_INFOPLIST_FILE = NO;
				IPHONEOS_DEPLOYMENT_TARGET = 26.0;
				MTL_ENABLE_DEBUG_INFO = NO;
				MTL_FAST_MATH = YES;
				PRODUCT_NAME = "$(TARGET_NAME)";
				SDKROOT = iphoneos;
				SWIFT_COMPILATION_MODE = wholemodule;
				SWIFT_OPTIMIZATION_LEVEL = "-O";
				SWIFT_VERSION = 5.0;
				TARGETED_DEVICE_FAMILY = 1;
			};
			name = Release;
		};
		CD3E7317CFA08AB8526C67AA /* Debug */ = {
			isa = XCBuildConfiguration;
			buildSettings = {
				INFOPLIST_FILE = NepNepWidgets/Info.plist;
				LD_RUNPATH_SEARCH_PATHS = (
					"$(inherited)",
					"@executable_path/Frameworks",
					"@executable_path/../../Frameworks",
				);
				PRODUCT_BUNDLE_IDENTIFIER = com.nepnep.NepNep.widgets;
				SDKROOT = iphoneos;
				SKIP_INSTALL = YES;
				SWIFT_ACTIVE_COMPILATION_CONDITIONS = "$(inherited) WIDGET_EXTENSION";
				TARGETED_DEVICE_FAMILY = "1,2";
			};
			name = Debug;
		};
		E71B55787DA92F00174B6208 /* Debug */ = {
			isa = XCBuildConfiguration;
			buildSettings = {
				ALWAYS_SEARCH_USER_PATHS = NO;
				CLANG_ANALYZER_NONNULL = YES;
				CLANG_ANALYZER_NUMBER_OBJECT_CONVERSION = YES_AGGRESSIVE;
				CLANG_CXX_LANGUAGE_STANDARD = "gnu++14";
				CLANG_CXX_LIBRARY = "libc++";
				CLANG_ENABLE_MODULES = YES;
				CLANG_ENABLE_OBJC_ARC = YES;
				CLANG_ENABLE_OBJC_WEAK = YES;
				CLANG_WARN_BLOCK_CAPTURE_AUTORELEASING = YES;
				CLANG_WARN_BOOL_CONVERSION = YES;
				CLANG_WARN_COMMA = YES;
				CLANG_WARN_CONSTANT_CONVERSION = YES;
				CLANG_WARN_DEPRECATED_OBJC_IMPLEMENTATIONS = YES;
				CLANG_WARN_DIRECT_OBJC_ISA_USAGE = YES_ERROR;
				CLANG_WARN_DOCUMENTATION_COMMENTS = YES;
				CLANG_WARN_EMPTY_BODY = YES;
				CLANG_WARN_ENUM_CONVERSION = YES;
				CLANG_WARN_INFINITE_RECURSION = YES;
				CLANG_WARN_INT_CONVERSION = YES;
				CLANG_WARN_NON_LITERAL_NULL_CONVERSION = YES;
				CLANG_WARN_OBJC_IMPLICIT_RETAIN_SELF = YES;
				CLANG_WARN_OBJC_LITERAL_CONVERSION = YES;
				CLANG_WARN_OBJC_ROOT_CLASS = YES_ERROR;
				CLANG_WARN_QUOTED_INCLUDE_IN_FRAMEWORK_HEADER = YES;
				CLANG_WARN_RANGE_LOOP_ANALYSIS = YES;
				CLANG_WARN_STRICT_PROTOTYPES = YES;
				CLANG_WARN_SUSPICIOUS_MOVE = YES;
				CLANG_WARN_UNGUARDED_AVAILABILITY = YES_AGGRESSIVE;
				CLANG_WARN_UNREACHABLE_CODE = YES;
				CLANG_WARN__DUPLICATE_METHOD_MATCH = YES;
				CODE_SIGN_STYLE = Automatic;
				COPY_PHASE_STRIP = NO;
				DEBUG_INFORMATION_FORMAT = dwarf;
				DEVELOPMENT_TEAM = WDNVP9B8A9;
				ENABLE_STRICT_OBJC_MSGSEND = YES;
				ENABLE_TESTABILITY = YES;
				GCC_C_LANGUAGE_STANDARD = gnu11;
				GCC_DYNAMIC_NO_PIC = NO;
				GCC_NO_COMMON_BLOCKS = YES;
				GCC_OPTIMIZATION_LEVEL = 0;
				GCC_PREPROCESSOR_DEFINITIONS = (
					"$(inherited)",
					"DEBUG=1",
				);
				GCC_WARN_64_TO_32_BIT_CONVERSION = YES;
				GCC_WARN_ABOUT_RETURN_TYPE = YES_ERROR;
				GCC_WARN_UNDECLARED_SELECTOR = YES;
				GCC_WARN_UNINITIALIZED_AUTOS = YES_AGGRESSIVE;
				GCC_WARN_UNUSED_FUNCTION = YES;
				GCC_WARN_UNUSED_VARIABLE = YES;
				GENERATE_INFOPLIST_FILE = NO;
				IPHONEOS_DEPLOYMENT_TARGET = 26.0;
				MTL_ENABLE_DEBUG_INFO = INCLUDE_SOURCE;
				MTL_FAST_MATH = YES;
				ONLY_ACTIVE_ARCH = YES;
				PRODUCT_NAME = "$(TARGET_NAME)";
				SDKROOT = iphoneos;
				SWIFT_ACTIVE_COMPILATION_CONDITIONS = DEBUG;
				SWIFT_OPTIMIZATION_LEVEL = "-Onone";
				SWIFT_VERSION = 5.0;
				TARGETED_DEVICE_FAMILY = 1;
			};
			name = Debug;
		};
		F5F15114B261E4F7423EDF8F /* Release */ = {
			isa = XCBuildConfiguration;
			buildSettings = {
				INFOPLIST_FILE = NepNepWidgets/Info.plist;
				LD_RUNPATH_SEARCH_PATHS = (
					"$(inherited)",
					"@executable_path/Frameworks",
					"@executable_path/../../Frameworks",
				);
				PRODUCT_BUNDLE_IDENTIFIER = com.nepnep.NepNep.widgets;
				SDKROOT = iphoneos;
				SKIP_INSTALL = YES;
				SWIFT_ACTIVE_COMPILATION_CONDITIONS = "$(inherited) WIDGET_EXTENSION";
				TARGETED_DEVICE_FAMILY = "1,2";
			};
			name = Release;
		};
/* End XCBuildConfiguration section */

/* Begin XCConfigurationList section */
		1ACA82F70689D3458122AFEE /* Build configuration list for PBXNativeTarget "NepNepTests" */ = {
			isa = XCConfigurationList;
			buildConfigurations = (
				80C99BFE2923E3C38F522664 /* Debug */,
				389A3B5A98583FD7AB4F2CDB /* Release */,
			);
			defaultConfigurationIsVisible = 0;
			defaultConfigurationName = Debug;
		};
		4EB23052473A7F43C5B8F3F4 /* Build configuration list for PBXNativeTarget "NepNepWidgets" */ = {
			isa = XCConfigurationList;
			buildConfigurations = (
				CD3E7317CFA08AB8526C67AA /* Debug */,
				F5F15114B261E4F7423EDF8F /* Release */,
			);
			defaultConfigurationIsVisible = 0;
			defaultConfigurationName = Debug;
		};
		5F4F67147C2E514D415C1C6F /* Build configuration list for PBXProject "NepNep" */ = {
			isa = XCConfigurationList;
			buildConfigurations = (
				E71B55787DA92F00174B6208 /* Debug */,
				89E87984926FB287A5B0EC5E /* Release */,
			);
			defaultConfigurationIsVisible = 0;
			defaultConfigurationName = Debug;
		};
		AD5F5E27890C1E43FCC3C9A1 /* Build configuration list for PBXNativeTarget "NepNep" */ = {
			isa = XCConfigurationList;
			buildConfigurations = (
				271977F2BF44CEC07E8F4228 /* Debug */,
				613D6CA6FEF879C303232858 /* Release */,
			);
			defaultConfigurationIsVisible = 0;
			defaultConfigurationName = Debug;
		};
/* End XCConfigurationList section */

/* Begin XCRemoteSwiftPackageReference section */
		BEDBC2EA4BC105D8EEE24BE9 /* XCRemoteSwiftPackageReference "FluidAudio" */ = {
			isa = XCRemoteSwiftPackageReference;
			repositoryURL = "https://github.com/FluidInference/FluidAudio.git";
			requirement = {
				kind = upToNextMajorVersion;
				minimumVersion = 0.12.4;
			};
		};
/* End XCRemoteSwiftPackageReference section */

/* Begin XCSwiftPackageProductDependency section */
		7610D102D0549E34C006B045 /* FluidAudio */ = {
			isa = XCSwiftPackageProductDependency;
			package = BEDBC2EA4BC105D8EEE24BE9 /* XCRemoteSwiftPackageReference "FluidAudio" */;
			productName = FluidAudio;
		};
/* End XCSwiftPackageProductDependency section */
	};
	rootObject = 00DF7C4596CAAC47AE242136 /* Project object */;
}
